
Microsoft Visual Studio Solution File, Format Version 12.00
# Visual Studio Version 17
VisualStudioVersion = 17.14.36221.1
MinimumVisualStudioVersion = 10.0.40219.1
Project("{FAE04EC0-301F-11D3-BF4B-00C04F79EFBC}") = "CsharpGalexy.LibraryExtention", "CsharpGalexy.LibraryExtention\CsharpGalexy.LibraryExtention.csproj", "{7FFEEE69-3F08-4CD7-8561-916A266C7CC4}"
EndProject
Project("{FAE04EC0-301F-11D3-BF4B-00C04F79EFBC}") = "CsharpGalexy.Console", "CsharpGalexy.Console\CsharpGalexy.Console.csproj", "{E715BC36-D53E-4B23-91C1-DAC7D68F5249}"
EndProject
Project("{FAE04EC0-301F-11D3-BF4B-00C04F79EFBC}") = "CsharpGalexy.LibraryExtention.Data", "CsharpGalexy.LibraryExtention.Data\CsharpGalexy.LibraryExtention.Data.csproj", "{C4A5C3F5-3025-47F3-9B2E-A108AD2B5867}"
EndProject
Project("{FAE04EC0-301F-11D3-BF4B-00C04F79EFBC}") = "CsharpGalexy.LibraryExtention.EFCore", "CsharpGalexy.LibraryExtention.EFCore\CsharpGalexy.LibraryExtention.EFCore.csproj", "{A098F7F8-36E5-4001-81A8-C8B9C0952CCD}"
EndProject
Global
	GlobalSection(SolutionConfigurationPlatforms) = preSolution
		Debug|Any CPU = Debug|Any CPU
		Release|Any CPU = Release|Any CPU
	EndGlobalSection
	GlobalSection(ProjectConfigurationPlatforms) = postSolution
		{7FFEEE69-3F08-4CD7-8561-916A266C7CC4}.Debug|Any CPU.ActiveCfg = Debug|Any CPU
		{7FFEEE69-3F08-4CD7-8561-916A266C7CC4}.Debug|Any CPU.Build.0 = Debug|Any CPU
		{7FFEEE69-3F08-4CD7-8561-916A266C7CC4}.Release|Any CPU.ActiveCfg = Release|Any CPU
		{7FFEEE69-3F08-4CD7-8561-916A266C7CC4}.Release|Any CPU.Build.0 = Release|Any CPU
		{E715BC36-D53E-4B23-91C1-DAC7D68F5249}.Debug|Any CPU.ActiveCfg = Debug|Any CPU
		{E715BC36-D53E-4B23-91C1-DAC7D68F5249}.Debug|Any CPU.Build.0 = Debug|Any CPU
		{E715BC36-D53E-4B23-91C1-DAC7D68F5249}.Release|Any CPU.ActiveCfg = Release|Any CPU
		{E715BC36-D53E-4B23-91C1-DAC7D68F5249}.Release|Any CPU.Build.0 = Release|Any CPU
		{C4A5C3F5-3025-47F3-9B2E-A108AD2B5867}.Debug|Any CPU.ActiveCfg = Debug|Any CPU
		{C4A5C3F5-3025-47F3-9B2E-A108AD2B5867}.Debug|Any CPU.Build.0 = Debug|Any CPU
		{C4A5C3F5-3025-47F3-9B2E-A108AD2B5867}.Release|Any CPU.ActiveCfg = Release|Any CPU
		{C4A5C3F5-3025-47F3-9B2E-A108AD2B5867}.Release|Any CPU.Build.0 = Release|Any CPU
		{A098F7F8-36E5-4001-81A8-C8B9C0952CCD}.Debug|Any CPU.ActiveCfg = Debug|Any CPU
		{A098F7F8-36E5-4001-81A8-C8B9C0952CCD}.Debug|Any CPU.Build.0 = Debug|Any CPU
		{A098F7F8-36E5-4001-81A8-C8B9C0952CCD}.Release|Any CPU.ActiveCfg = Release|Any CPU
		{A098F7F8-36E5-4001-81A8-C8B9C0952CCD}.Release|Any CPU.Build.0 = Release|Any CPU
	EndGlobalSection
	GlobalSection(SolutionProperties) = preSolution
		HideSolutionNode = FALSE
	EndGlobalSection
	GlobalSection(ExtensibilityGlobals) = postSolution
		SolutionGuid = {CA8DCC97-C965-4752-AC3B-8363CC812FC0}
	EndGlobalSection
EndGlobal
